PODS:
  - AcknowList (2.0.3)
  - Alamofire (5.4.4)
  - Bagel (1.4.0):
    - CocoaAsyncSocket
  - CocoaAsyncSocket (7.6.5)
  - Differentiator (5.0.0)
  - Firebase/Analytics (8.7.0):
    - Firebase/Core
  - Firebase/Auth (8.7.0):
    - Firebase/CoreOnly
    - FirebaseAuth (~> 8.7.0)
  - Firebase/Core (8.7.0):
    - Firebase/CoreOnly
    - FirebaseAnalytics (~> 8.7.0)
  - Firebase/CoreOnly (8.7.0):
    - FirebaseCore (= 8.7.0)
  - Firebase/Crashlytics (8.7.0):
    - Firebase/CoreOnly
    - FirebaseCrashlytics (~> 8.7.0)
  - Firebase/Performance (8.7.0):
    - Firebase/CoreOnly
    - FirebasePerformance (~> 8.7.0)
  - FirebaseABTesting (8.7.0):
    - FirebaseCore (~> 8.0)
  - FirebaseAnalytics (8.7.0):
    - FirebaseAnalytics/AdIdSupport (= 8.7.0)
    - FirebaseCore (~> 8.0)
    - FirebaseInstallations (~> 8.0)
    - GoogleUtilities/AppDelegateSwizzler (~> 7.4)
    - GoogleUtilities/MethodSwizzler (~> 7.4)
    - GoogleUtilities/Network (~> 7.4)
    - "GoogleUtilities/NSData+zlib (~> 7.4)"
    - nanopb (~> 2.30908.0)
  - FirebaseAnalytics/AdIdSupport (8.7.0):
    - FirebaseCore (~> 8.0)
    - FirebaseInstallations (~> 8.0)
    - GoogleAppMeasurement (= 8.7.0)
    - GoogleUtilities/AppDelegateSwizzler (~> 7.4)
    - GoogleUtilities/MethodSwizzler (~> 7.4)
    - GoogleUtilities/Network (~> 7.4)
    - "GoogleUtilities/NSData+zlib (~> 7.4)"
    - nanopb (~> 2.30908.0)
  - FirebaseAuth (8.7.0):
    - FirebaseCore (~> 8.0)
    - GoogleUtilities/AppDelegateSwizzler (~> 7.4)
    - GoogleUtilities/Environment (~> 7.4)
    - GTMSessionFetcher/Core (~> 1.5)
  - FirebaseCore (8.7.0):
    - FirebaseCoreDiagnostics (~> 8.0)
    - GoogleUtilities/Environment (~> 7.4)
    - GoogleUtilities/Logger (~> 7.4)
  - FirebaseCoreDiagnostics (8.7.0):
    - GoogleDataTransport (~> 9.0)
    - GoogleUtilities/Environment (~> 7.4)
    - GoogleUtilities/Logger (~> 7.4)
    - nanopb (~> 2.30908.0)
  - FirebaseCrashlytics (8.7.0):
    - FirebaseCore (~> 8.0)
    - FirebaseInstallations (~> 8.0)
    - GoogleDataTransport (~> 9.0)
    - GoogleUtilities/Environment (~> 7.4)
    - nanopb (~> 2.30908.0)
    - PromisesObjC (< 3.0, >= 1.2)
  - FirebaseInstallations (8.7.0):
    - FirebaseCore (~> 8.0)
    - GoogleUtilities/Environment (~> 7.4)
    - GoogleUtilities/UserDefaults (~> 7.4)
    - PromisesObjC (< 3.0, >= 1.2)
  - FirebasePerformance (8.7.0):
    - FirebaseCore (~> 8.0)
    - FirebaseInstallations (~> 8.0)
    - FirebaseRemoteConfig (~> 8.0)
    - GoogleDataTransport (~> 9.0)
    - GoogleUtilities/Environment (~> 7.4)
    - GoogleUtilities/ISASwizzler (~> 7.4)
    - GoogleUtilities/MethodSwizzler (~> 7.4)
    - nanopb (~> 2.30908.0)
  - FirebaseRemoteConfig (8.7.0):
    - FirebaseABTesting (~> 8.0)
    - FirebaseCore (~> 8.0)
    - FirebaseInstallations (~> 8.0)
    - GoogleUtilities/Environment (~> 7.4)
    - "GoogleUtilities/NSData+zlib (~> 7.4)"
  - GoogleAppMeasurement (8.7.0):
    - GoogleAppMeasurement/AdIdSupport (= 8.7.0)
    - GoogleUtilities/AppDelegateSwizzler (~> 7.4)
    - GoogleUtilities/MethodSwizzler (~> 7.4)
    - GoogleUtilities/Network (~> 7.4)
    - "GoogleUtilities/NSData+zlib (~> 7.4)"
    - nanopb (~> 2.30908.0)
  - GoogleAppMeasurement/AdIdSupport (8.7.0):
    - GoogleUtilities/AppDelegateSwizzler (~> 7.4)
    - GoogleUtilities/MethodSwizzler (~> 7.4)
    - GoogleUtilities/Network (~> 7.4)
    - "GoogleUtilities/NSData+zlib (~> 7.4)"
    - nanopb (~> 2.30908.0)
  - GoogleDataTransport (9.1.0):
    - GoogleUtilities/Environment (~> 7.2)
    - nanopb (~> 2.30908.0)
    - PromisesObjC (< 3.0, >= 1.2)
  - GoogleUtilities/AppDelegateSwizzler (7.5.2):
    - GoogleUtilities/Environment
    - GoogleUtilities/Logger
    - GoogleUtilities/Network
  - GoogleUtilities/Environment (7.5.2):
    - PromisesObjC (< 3.0, >= 1.2)
  - GoogleUtilities/ISASwizzler (7.5.2)
  - GoogleUtilities/Logger (7.5.2):
    - GoogleUtilities/Environment
  - GoogleUtilities/MethodSwizzler (7.5.2):
    - GoogleUtilities/Logger
  - GoogleUtilities/Network (7.5.2):
    - GoogleUtilities/Logger
    - "GoogleUtilities/NSData+zlib"
    - GoogleUtilities/Reachability
  - "GoogleUtilities/NSData+zlib (7.5.2)"
  - GoogleUtilities/Reachability (7.5.2):
    - GoogleUtilities/Logger
  - GoogleUtilities/UserDefaults (7.5.2):
    - GoogleUtilities/Logger
  - GTMSessionFetcher/Core (1.7.0)
  - Immutable (0.6.0)
  - Kanna (5.2.7)
  - KeychainAccess (4.2.2)
  - Kingfisher (7.0.0)
  - Moya/Core (15.0.0):
    - Alamofire (~> 5.0)
  - Moya/RxSwift (15.0.0):
    - Moya/Core
    - RxSwift (~> 6.0)
  - nanopb (2.30908.0):
    - nanopb/decode (= 2.30908.0)
    - nanopb/encode (= 2.30908.0)
  - nanopb/decode (2.30908.0)
  - nanopb/encode (2.30908.0)
  - Nimble (9.2.1)
  - PanModal (1.2.7)
  - PromisesObjC (2.0.0)
  - Pure (1.1.4):
    - Pure/Core (= 1.1.4)
  - Pure/Core (1.1.4)
  - Quick (4.0.0)
  - Realm (10.15.1):
    - Realm/Headers (= 10.15.1)
  - Realm/Headers (10.15.1)
  - RealmSwift (10.15.1):
    - Realm (= 10.15.1)
  - ReusableKit (3.0.0):
    - ReusableKit/Core (= 3.0.0)
  - ReusableKit/Core (3.0.0)
  - RxBlocking (6.2.0):
    - RxSwift (= 6.2.0)
  - RxCocoa (6.2.0):
    - RxRelay (= 6.2.0)
    - RxSwift (= 6.2.0)
  - RxDataSources (5.0.0):
    - Differentiator (~> 5.0)
    - RxCocoa (~> 6.0)
    - RxSwift (~> 6.0)
  - RxKeyboard (2.0.0):
    - RxCocoa (~> 6.0)
    - RxSwift (~> 6.0)
  - RxOptional (5.0.2):
    - RxCocoa (~> 6.0)
    - RxSwift (~> 6.0)
  - RxRelay (6.2.0):
    - RxSwift (= 6.2.0)
  - RxSwift (6.2.0)
  - RxTest (6.2.0):
    - RxSwift (= 6.2.0)
  - SnapKit (5.0.1)
  - Stubber (1.5.3)
  - SwiftLint (0.44.0)
  - SwiftyBeaver (1.9.5)
  - Then (2.7.0)
  - Toaster (2.3.0)
  - URLNavigator (2.3.0)

DEPENDENCIES:
  - AcknowList
  - Bagel
  - Firebase/Analytics
  - Firebase/Auth
  - Firebase/Core
  - Firebase/Crashlytics
  - Firebase/Performance
  - Immutable
  - Kanna
  - KeychainAccess
  - Kingfisher
  - Moya/RxSwift
  - Nimble
  - PanModal
  - Pure
  - Quick
  - RealmSwift
  - ReusableKit
  - RxBlocking
  - RxCocoa
  - RxDataSources
  - RxKeyboard
  - RxOptional
  - RxSwift
  - RxTest
  - SnapKit
  - Stubber
  - SwiftLint
  - SwiftyBeaver
  - Then
  - Toaster (from `https://github.com/devxoul/Toaster.git`, branch `master`)
  - URLNavigator

SPEC REPOS:
  trunk:
    - AcknowList
    - Alamofire
    - Bagel
    - CocoaAsyncSocket
    - Differentiator
    - Firebase
    - FirebaseABTesting
    - FirebaseAnalytics
    - FirebaseAuth
    - FirebaseCore
    - FirebaseCoreDiagnostics
    - FirebaseCrashlytics
    - FirebaseInstallations
    - FirebasePerformance
    - FirebaseRemoteConfig
    - GoogleAppMeasurement
    - GoogleDataTransport
    - GoogleUtilities
    - GTMSessionFetcher
    - Immutable
    - Kanna
    - KeychainAccess
    - Kingfisher
    - Moya
    - nanopb
    - Nimble
    - PanModal
    - PromisesObjC
    - Pure
    - Quick
    - Realm
    - RealmSwift
    - ReusableKit
    - RxBlocking
    - RxCocoa
    - RxDataSources
    - RxKeyboard
    - RxOptional
    - RxRelay
    - RxSwift
    - RxTest
    - SnapKit
    - Stubber
    - SwiftLint
    - SwiftyBeaver
    - Then
    - URLNavigator

EXTERNAL SOURCES:
  Toaster:
    :branch: master
    :git: https://github.com/devxoul/Toaster.git

CHECKOUT OPTIONS:
  Toaster:
    :commit: e9e62c023ef37719b6b6939ed26a99f577a3d88f
    :git: https://github.com/devxoul/Toaster.git

SPEC CHECKSUMS:
  AcknowList: 6d4faca4c3e0173377fe5649e086d627cd60b003
  Alamofire: f3b09a368f1582ab751b3fff5460276e0d2cf5c9
  Bagel: c3fa6bcbd52db9ca976edbafd7638f0553ded101
  CocoaAsyncSocket: 065fd1e645c7abab64f7a6a2007a48038fdc6a99
  Differentiator: e8497ceab83c1b10ca233716d547b9af21b9344d
  Firebase: bc9325d5ee2041524bac78a5213d0e530c651309
  FirebaseABTesting: 5a72ea0e88422f9e223614cb4016cafffb2af8d1
  FirebaseAnalytics: 52768800c2add1d84b751420cb4caaf8195f2c41
  FirebaseAuth: 2e7d029977648c67a5d51a263d4cbab76d34cf12
  FirebaseCore: f4804c1d3f4bbbefc88904d15653038f2c99ddf7
  FirebaseCoreDiagnostics: b63732f581a1c6a453ec7241f9ab60b3a5bd3450
  FirebaseCrashlytics: 6fac03d1eef054833b71c929c93ab95c12989728
  FirebaseInstallations: ede6fb72bb6337914e5888b399271259d0c4910c
  FirebasePerformance: a1a23adbc53917d7654c349d355371d5239cc340
  FirebaseRemoteConfig: 34300dd83055c06e2768d0932dd8fb2c1575745f
  GoogleAppMeasurement: 2be61ce546ad074dbe4dd545f222ac6033bb1d9e
  GoogleDataTransport: 85fd18ff3019bb85d3f2c551d04c481dedf71fc9
  GoogleUtilities: 8de2a97a17e15b6b98e38e8770e2d129a57c0040
  GTMSessionFetcher: 43748f93435c2aa068b1cbe39655aaf600652e91
  Immutable: 793dcfd5979883638401c468dfeb08651436f44f
  Kanna: 01cfbddc127f5ff0963692f285fcbc8a9d62d234
  KeychainAccess: c0c4f7f38f6fc7bbe58f5702e25f7bd2f65abf51
  Kingfisher: 5efc54fec3980f92354898532e562cc17f31efb4
  Moya: 138f0573e53411fb3dc17016add0b748dfbd78ee
  nanopb: a0ba3315591a9ae0a16a309ee504766e90db0c96
  Nimble: e7e615c0335ee4bf5b0d786685451e62746117d5
  PanModal: 3e16ead1a907fb06f4df3f13492fd00149fa4974
  PromisesObjC: 68159ce6952d93e17b2dfe273b8c40907db5ba58
  Pure: 82d6f4438672a41d21ea6fadd126e1466db001c5
  Quick: 6473349e43b9271a8d43839d9ba1c442ed1b7ac4
  Realm: fbcbde2620d51623cc5b18e28f5b165c39abef52
  RealmSwift: e4bea8e42efad3d543aea23b56504069c6faaea2
  ReusableKit: e5f853ad4652e411f96b6119b2488afa12929be6
  RxBlocking: 0b29f7d2079109a8de49c411381bed7c33ef1eeb
  RxCocoa: 4baf94bb35f2c0ab31bc0cb9f1900155f646ba42
  RxDataSources: aa47cc1ed6c500fa0dfecac5c979b723542d79cf
  RxKeyboard: 4f5863f43b4ff0cbb2a20b94688d6b80c8a43c14
  RxOptional: 3664964c96b69dd20c9cf78bdfe546615e26eca8
  RxRelay: e72dbfd157807478401ef1982e1c61c945c94b2f
  RxSwift: d356ab7bee873611322f134c5f9ef379fa183d8f
  RxTest: 0c692fa672b694373ba86d2b00033595297a2831
  SnapKit: 97b92857e3df3a0c71833cce143274bf6ef8e5eb
  Stubber: 3ea4080870feeaf5b1637314a92245eef9b8c8e7
  SwiftLint: e96c0a8c770c7ebbc4d36c55baf9096bb65c4584
  SwiftyBeaver: 84069991dd5dca07d7069100985badaca7f0ce82
  Then: acfe0be7e98221c6204e12f8161459606d5d822d
  Toaster: c3473963c78e8cabbf6ea6f11ad0fdaae6f54987
  URLNavigator: 2593c0e2d293732ec5c44503cf54dceba1a68085

PODFILE CHECKSUM: 4a5ee470b793b7a691a0bfa1269aca197e20a856

COCOAPODS: 1.11.3
